PODS:
  - AlipaySDK-iOS (15.7.9)
  - Flutter (1.0.0)
  - SwiftyJSON (5.0.0)
  - xx_pay (0.0.1):
    - AlipaySDK-iOS
    - Flutter
    - SwiftyJSON

DEPENDENCIES:
  - Flutter (from `Flutter`)
  - xx_pay (from `.symlinks/plugins/xx_pay/ios`)

SPEC REPOS:
  trunk:
    - AlipaySDK-iOS
    - SwiftyJSON

EXTERNAL SOURCES:
  Flutter:
    :path: Flutter
  xx_pay:
    :path: ".symlinks/plugins/xx_pay/ios"

SPEC CHECKSUMS:
  AlipaySDK-iOS: 94ff4c0e17c5e7d126b8207596d5033006534c25
  Flutter: 0e3d915762c693b495b44d77113d4970485de6ec
  SwiftyJSON: 36413e04c44ee145039d332b4f4e2d3e8d6c4db7
  xx_pay: 7edac58e4deb6f93c58a5e0a50472e3433559b5f

PODFILE CHECKSUM: e19b233701c16077eb4cc1c807590792d2175b93

COCOAPODS: 1.9.3
